
Microsoft Visual Studio Solution File, Format Version 12.00
# Visual Studio 15
VisualStudioVersion = 15.0.28307.168
MinimumVisualStudioVersion = 10.0.40219.1
Project("{FAE04EC0-301F-11D3-BF4B-00C04F79EFBC}") = "LudoGame", "LudoGame\LudoGame.csproj", "{D16DEF36-A48C-4672-8C2D-0A9E2B91865C}"
EndProject
Global
	GlobalSection(SolutionConfigurationPlatforms) = preSolution
		Debug|Any CPU = Debug|Any CPU
		Release|Any CPU = Release|Any CPU
	EndGlobalSection
	GlobalSection(ProjectConfigurationPlatforms) = postSolution
		{D16DEF36-A48C-4672-8C2D-0A9E2B91865C}.Debug|Any CPU.ActiveCfg = Debug|Any CPU
		{D16DEF36-A48C-4672-8C2D-0A9E2B91865C}.Debug|Any CPU.Build.0 = Debug|Any CPU
		{D16DEF36-A48C-4672-8C2D-0A9E2B91865C}.Release|Any CPU.ActiveCfg = Release|Any CPU
		{D16DEF36-A48C-4672-8C2D-0A9E2B91865C}.Release|Any CPU.Build.0 = Release|Any CPU
	EndGlobalSection
	GlobalSection(SolutionProperties) = preSolution
		HideSolutionNode = FALSE
	EndGlobalSection
	GlobalSection(ExtensibilityGlobals) = postSolution
		SolutionGuid = {E55836CA-5094-4921-BB1A-A41361004A20}
	EndGlobalSection
EndGlobal
